
Microsoft Visual Studio Solution File, Format Version 12.00
# Visual Studio Version 17
VisualStudioVersion = 17.10.35004.147
MinimumVisualStudioVersion = 10.0.40219.1
Project("{FAE04EC0-301F-11D3-BF4B-00C04F79EFBC}") = "WebAppCookBook.API", "WebAppCookBook\WebAppCookBook.API.csproj", "{37AD3AEC-0547-4EC2-8C46-1BF64E406F7D}"
EndProject
Project("{FAE04EC0-301F-11D3-BF4B-00C04F79EFBC}") = "WebAppCookBook.Frontend", "WebAppCookBook.Frontend\WebAppCookBook.Frontend.csproj", "{AF584103-EE77-4455-8F0B-4B8F91AF6CF1}"
EndProject
Global
	GlobalSection(SolutionConfigurationPlatforms) = preSolution
		Debug|Any CPU = Debug|Any CPU
		Release|Any CPU = Release|Any CPU
	EndGlobalSection
	GlobalSection(ProjectConfigurationPlatforms) = postSolution
		{37AD3AEC-0547-4EC2-8C46-1BF64E406F7D}.Debug|Any CPU.ActiveCfg = Debug|Any CPU
		{37AD3AEC-0547-4EC2-8C46-1BF64E406F7D}.Debug|Any CPU.Build.0 = Debug|Any CPU
		{37AD3AEC-0547-4EC2-8C46-1BF64E406F7D}.Release|Any CPU.ActiveCfg = Release|Any CPU
		{37AD3AEC-0547-4EC2-8C46-1BF64E406F7D}.Release|Any CPU.Build.0 = Release|Any CPU
		{AF584103-EE77-4455-8F0B-4B8F91AF6CF1}.Debug|Any CPU.ActiveCfg = Debug|Any CPU
		{AF584103-EE77-4455-8F0B-4B8F91AF6CF1}.Debug|Any CPU.Build.0 = Debug|Any CPU
		{AF584103-EE77-4455-8F0B-4B8F91AF6CF1}.Release|Any CPU.ActiveCfg = Release|Any CPU
		{AF584103-EE77-4455-8F0B-4B8F91AF6CF1}.Release|Any CPU.Build.0 = Release|Any CPU
	EndGlobalSection
	GlobalSection(SolutionProperties) = preSolution
		HideSolutionNode = FALSE
	EndGlobalSection
	GlobalSection(ExtensibilityGlobals) = postSolution
		SolutionGuid = {DF4D06A9-EA95-4F64-B6C3-9F2273878CB1}
	EndGlobalSection
EndGlobal
